// !$*UTF8*$!
{
	archiveVersion = 1;
	classes = {
	};
	objectVersion = 46;
	objects = {

/* Begin PBXBuildFile section */
		B5412262149B282200D0921A /* CoreLocation.framework in Frameworks */ = {isa = PBXBuildFile; fileRef = B5412261149B282200D0921A /* CoreLocation.framework */; };
		B5927733149884C500DB08AA /* UIKit.framework in Frameworks */ = {isa = PBXBuildFile; fileRef = B5927732149884C500DB08AA /* UIKit.framework */; };
		B5927735149884C500DB08AA /* Foundation.framework in Frameworks */ = {isa = PBXBuildFile; fileRef = B5927734149884C500DB08AA /* Foundation.framework */; };
		B5927737149884C500DB08AA /* CoreGraphics.framework in Frameworks */ = {isa = PBXBuildFile; fileRef = B5927736149884C500DB08AA /* CoreGraphics.framework */; };
		B5927739149884C500DB08AA /* CoreData.framework in Frameworks */ = {isa = PBXBuildFile; fileRef = B5927738149884C500DB08AA /* CoreData.framework */; };
		B592773F149884C600DB08AA /* InfoPlist.strings in Resources */ = {isa = PBXBuildFile; fileRef = B592773D149884C600DB08AA /* InfoPlist.strings */; };
		B5927741149884C600DB08AA /* main.m in Sources */ = {isa = PBXBuildFile; fileRef = B5927740149884C600DB08AA /* main.m */; };
		B5927745149884C600DB08AA /* AppDelegate.m in Sources */ = {isa = PBXBuildFile; fileRef = B5927744149884C600DB08AA /* AppDelegate.m */; };
		B5927748149884C600DB08AA /* SAMaudioGuide.xcdatamodeld in Sources */ = {isa = PBXBuildFile; fileRef = B5927746149884C600DB08AA /* SAMaudioGuide.xcdatamodeld */; };
		B592774B149884C600DB08AA /* MainViewController.m in Sources */ = {isa = PBXBuildFile; fileRef = B592774A149884C600DB08AA /* MainViewController.m */; };
		B5927751149884C600DB08AA /* MainViewController.xib in Resources */ = {isa = PBXBuildFile; fileRef = B592774F149884C600DB08AA /* MainViewController.xib */; };
		B592775C1498857700DB08AA /* Item.m in Sources */ = {isa = PBXBuildFile; fileRef = B592775B1498857700DB08AA /* Item.m */; };
		B59C655C14E23A22002B34AF /* SAMaudioGuide.sqlite in Resources */ = {isa = PBXBuildFile; fileRef = B59C655B14E23A22002B34AF /* SAMaudioGuide.sqlite */; };
/* End PBXBuildFile section */

/* Begin PBXFileReference section */
		B5412261149B282200D0921A /* CoreLocation.framework */ = {isa = PBXFileReference; lastKnownFileType = wrapper.framework; name = CoreLocation.framework; path = System/Library/Frameworks/CoreLocation.framework; sourceTree = SDKROOT; };
		B57E8DFC14C3A507006D0740 /* SAMaudioGuide 2.xcdatamodel */ = {isa = PBXFileReference; lastKnownFileType = wrapper.xcdatamodel; path = "SAMaudioGuide 2.xcdatamodel"; sourceTree = "<group>"; };
		B592772E149884C500DB08AA /* locate Art.app */ = {isa = PBXFileReference; explicitFileType = wrapper.application; includeInIndex = 0; path = "locate Art.app"; sourceTree = BUILT_PRODUCTS_DIR; };
		B5927732149884C500DB08AA /* UIKit.framework */ = {isa = PBXFileReference; lastKnownFileType = wrapper.framework; name = UIKit.framework; path = System/Library/Frameworks/UIKit.framework; sourceTree = SDKROOT; };
		B5927734149884C500DB08AA /* Foundation.framework */ = {isa = PBXFileReference; lastKnownFileType = wrapper.framework; name = Foundation.framework; path = System/Library/Frameworks/Foundation.framework; sourceTree = SDKROOT; };
		B5927736149884C500DB08AA /* CoreGraphics.framework */ = {isa = PBXFileReference; lastKnownFileType = wrapper.framework; name = CoreGraphics.framework; path = System/Library/Frameworks/CoreGraphics.framework; sourceTree = SDKROOT; };
		B5927738149884C500DB08AA /* CoreData.framework */ = {isa = PBXFileReference; lastKnownFileType = wrapper.framework; name = CoreData.framework; path = System/Library/Frameworks/CoreData.framework; sourceTree = SDKROOT; };
		B592773C149884C600DB08AA /* SAMaudioGuide-Info.plist */ = {isa = PBXFileReference; lastKnownFileType = text.plist.xml; path = "SAMaudioGuide-Info.plist"; sourceTree = "<group>"; };
		B592773E149884C600DB08AA /* en */ = {isa = PBXFileReference; lastKnownFileType = text.plist.strings; name = en; path = en.lproj/InfoPlist.strings; sourceTree = "<group>"; };
		B5927740149884C600DB08AA /* main.m */ = {isa = PBXFileReference; lastKnownFileType = sourcecode.c.objc; path = main.m; sourceTree = "<group>"; };
		B5927742149884C600DB08AA /* SAMaudioGuide-Prefix.pch */ = {isa = PBXFileReference; lastKnownFileType = sourcecode.c.h; path = "SAMaudioGuide-Prefix.pch"; sourceTree = "<group>"; };
		B5927743149884C600DB08AA /* AppDelegate.h */ = {isa = PBXFileReference; lastKnownFileType = sourcecode.c.h; path = AppDelegate.h; sourceTree = "<group>"; };
		B5927744149884C600DB08AA /* AppDelegate.m */ = {isa = PBXFileReference; lastKnownFileType = sourcecode.c.objc; path = AppDelegate.m; sourceTree = "<group>"; };
		B5927747149884C600DB08AA /* SAMaudioGuide.xcdatamodel */ = {isa = PBXFileReference; lastKnownFileType = wrapper.xcdatamodel; path = SAMaudioGuide.xcdatamodel; sourceTree = "<group>"; };
		B5927749149884C600DB08AA /* MainViewController.h */ = {isa = PBXFileReference; lastKnownFileType = sourcecode.c.h; path = MainViewController.h; sourceTree = "<group>"; };
		B592774A149884C600DB08AA /* MainViewController.m */ = {isa = PBXFileReference; lastKnownFileType = sourcecode.c.objc; path = MainViewController.m; sourceTree = "<group>"; };
		B5927750149884C600DB08AA /* en */ = {isa = PBXFileReference; lastKnownFileType = file.xib; name = en; path = en.lproj/MainViewController.xib; sourceTree = "<group>"; };
		B592775A1498857700DB08AA /* Item.h */ = {isa = PBXFileReference; fileEncoding = 4; lastKnownFileType = sourcecode.c.h; path = Item.h; sourceTree = "<group>"; };
		B592775B1498857700DB08AA /* Item.m */ = {isa = PBXFileReference; fileEncoding = 4; lastKnownFileType = sourcecode.c.objc; path = Item.m; sourceTree = "<group>"; };
		B59C655B14E23A22002B34AF /* SAMaudioGuide.sqlite */ = {isa = PBXFileReference; lastKnownFileType = file; path = SAMaudioGuide.sqlite; sourceTree = "<group>"; };
/* End PBXFileReference section */

/* Begin PBXFrameworksBuildPhase section */
		B592772B149884C500DB08AA /* Frameworks */ = {
			isa = PBXFrameworksBuildPhase;
			buildActionMask = 2147483647;
			files = (
				B5412262149B282200D0921A /* CoreLocation.framework in Frameworks */,
				B5927733149884C500DB08AA /* UIKit.framework in Frameworks */,
				B5927735149884C500DB08AA /* Foundation.framework in Frameworks */,
				B5927737149884C500DB08AA /* CoreGraphics.framework in Frameworks */,
				B5927739149884C500DB08AA /* CoreData.framework in Frameworks */,
			);
			runOnlyForDeploymentPostprocessing = 0;
		};
/* End PBXFrameworksBuildPhase section */

/* Begin PBXGroup section */
		B5927723149884C500DB08AA = {
			isa = PBXGroup;
			children = (
				B592773A149884C500DB08AA /* SAMaudioGuide */,
				B5927731149884C500DB08AA /* Frameworks */,
				B592772F149884C500DB08AA /* Products */,
			);
			sourceTree = "<group>";
		};
		B592772F149884C500DB08AA /* Products */ = {
			isa = PBXGroup;
			children = (
				B592772E149884C500DB08AA /* locate Art.app */,
			);
			name = Products;
			sourceTree = "<group>";
		};
		B5927731149884C500DB08AA /* Frameworks */ = {
			isa = PBXGroup;
			children = (
				B5412261149B282200D0921A /* CoreLocation.framework */,
				B5927732149884C500DB08AA /* UIKit.framework */,
				B5927734149884C500DB08AA /* Foundation.framework */,
				B5927736149884C500DB08AA /* CoreGraphics.framework */,
				B5927738149884C500DB08AA /* CoreData.framework */,
			);
			name = Frameworks;
			sourceTree = "<group>";
		};
		B592773A149884C500DB08AA /* SAMaudioGuide */ = {
			isa = PBXGroup;
			children = (
				B5927743149884C600DB08AA /* AppDelegate.h */,
				B5927744149884C600DB08AA /* AppDelegate.m */,
				B5927749149884C600DB08AA /* MainViewController.h */,
				B592774A149884C600DB08AA /* MainViewController.m */,
				B592774F149884C600DB08AA /* MainViewController.xib */,
				B592773B149884C600DB08AA /* Supporting Files */,
			);
			path = SAMaudioGuide;
			sourceTree = "<group>";
		};
		B592773B149884C600DB08AA /* Supporting Files */ = {
			isa = PBXGroup;
			children = (
				B59C655B14E23A22002B34AF /* SAMaudioGuide.sqlite */,
				B5927746149884C600DB08AA /* SAMaudioGuide.xcdatamodeld */,
				B592775A1498857700DB08AA /* Item.h */,
				B592775B1498857700DB08AA /* Item.m */,
				B592773C149884C600DB08AA /* SAMaudioGuide-Info.plist */,
				B592773D149884C600DB08AA /* InfoPlist.strings */,
				B5927740149884C600DB08AA /* main.m */,
				B5927742149884C600DB08AA /* SAMaudioGuide-Prefix.pch */,
			);
			name = "Supporting Files";
			sourceTree = "<group>";
		};
/* End PBXGroup section */

/* Begin PBXNativeTarget section */
		B592772D149884C500DB08AA /* locate Art */ = {
			isa = PBXNativeTarget;
			buildConfigurationList = B5927757149884C600DB08AA /* Build configuration list for PBXNativeTarget "locate Art" */;
			buildPhases = (
				B592772A149884C500DB08AA /* Sources */,
				B592772B149884C500DB08AA /* Frameworks */,
				B592772C149884C500DB08AA /* Resources */,
			);
			buildRules = (
			);
			dependencies = (
			);
			name = "locate Art";
			productName = SAMaudioGuide;
			productReference = B592772E149884C500DB08AA /* locate Art.app */;
			productType = "com.apple.product-type.application";
		};
/* End PBXNativeTarget section */

/* Begin PBXProject section */
		B5927725149884C500DB08AA /* Project object */ = {
			isa = PBXProject;
			attributes = {
				LastUpgradeCheck = 0420;
			};
			buildConfigurationList = B5927728149884C500DB08AA /* Build configuration list for PBXProject "SAMaudioGuide" */;
			compatibilityVersion = "Xcode 3.2";
			developmentRegion = English;
			hasScannedForEncodings = 0;
			knownRegions = (
				en,
			);
			mainGroup = B5927723149884C500DB08AA;
			productRefGroup = B592772F149884C500DB08AA /* Products */;
			projectDirPath = "";
			projectRoot = "";
			targets = (
				B592772D149884C500DB08AA /* locate Art */,
			);
		};
/* End PBXProject section */

/* Begin PBXResourcesBuildPhase section */
		B592772C149884C500DB08AA /* Resources */ = {
			isa = PBXResourcesBuildPhase;
			buildActionMask = 2147483647;
			files = (
				B592773F149884C600DB08AA /* InfoPlist.strings in Resources */,
				B5927751149884C600DB08AA /* MainViewController.xib in Resources */,
				B59C655C14E23A22002B34AF /* SAMaudioGuide.sqlite in Resources */,
			);
			runOnlyForDeploymentPostprocessing = 0;
		};
/* End PBXResourcesBuildPhase section */

/* Begin PBXSourcesBuildPhase section */
		B592772A149884C500DB08AA /* Sources */ = {
			isa = PBXSourcesBuildPhase;
			buildActionMask = 2147483647;
			files = (
				B5927741149884C600DB08AA /* main.m in Sources */,
				B5927745149884C600DB08AA /* AppDelegate.m in Sources */,
				B5927748149884C600DB08AA /* SAMaudioGuide.xcdatamodeld in Sources */,
				B592774B149884C600DB08AA /* MainViewController.m in Sources */,
				B592775C1498857700DB08AA /* Item.m in Sources */,
			);
			runOnlyForDeploymentPostprocessing = 0;
		};
/* End PBXSourcesBuildPhase section */

/* Begin PBXVariantGroup section */
		B592773D149884C600DB08AA /* InfoPlist.strings */ = {
			isa = PBXVariantGroup;
			children = (
				B592773E149884C600DB08AA /* en */,
			);
			name = InfoPlist.strings;
			sourceTree = "<group>";
		};
		B592774F149884C600DB08AA /* MainViewController.xib */ = {
			isa = PBXVariantGroup;
			children = (
				B5927750149884C600DB08AA /* en */,
			);
			name = MainViewController.xib;
			sourceTree = "<group>";
		};
/* End PBXVariantGroup section */

/* Begin XCBuildConfiguration section */
		B5927755149884C600DB08AA /* Debug */ = {
			isa = XCBuildConfiguration;
			buildSettings = {
				ALWAYS_SEARCH_USER_PATHS = NO;
				ARCHS = "$(ARCHS_STANDARD_32_BIT)";
				CLANG_ENABLE_OBJC_ARC = YES;
				"CODE_SIGN_IDENTITY[sdk=iphoneos*]" = "iPhone Developer";
				COPY_PHASE_STRIP = NO;
				GCC_C_LANGUAGE_STANDARD = gnu99;
				GCC_DYNAMIC_NO_PIC = NO;
				GCC_OPTIMIZATION_LEVEL = 0;
				GCC_PREPROCESSOR_DEFINITIONS = (
					"DEBUG=1",
					"$(inherited)",
				);
				GCC_SYMBOLS_PRIVATE_EXTERN = NO;
				GCC_VERSION = com.apple.compilers.llvm.clang.1_0;
				GCC_WARN_ABOUT_MISSING_PROTOTYPES = YES;
				GCC_WARN_ABOUT_RETURN_TYPE = YES;
				GCC_WARN_UNUSED_VARIABLE = YES;
				IPHONEOS_DEPLOYMENT_TARGET = 5.0;
				SDKROOT = iphoneos;
			};
			name = Debug;
		};
		B5927756149884C600DB08AA /* Release */ = {
			isa = XCBuildConfiguration;
			buildSettings = {
				ALWAYS_SEARCH_USER_PATHS = NO;
				ARCHS = "$(ARCHS_STANDARD_32_BIT)";
				CLANG_ENABLE_OBJC_ARC = YES;
				"CODE_SIGN_IDENTITY[sdk=iphoneos*]" = "iPhone Developer";
				COPY_PHASE_STRIP = YES;
				GCC_C_LANGUAGE_STANDARD = gnu99;
				GCC_VERSION = com.apple.compilers.llvm.clang.1_0;
				GCC_WARN_ABOUT_MISSING_PROTOTYPES = YES;
				GCC_WARN_ABOUT_RETURN_TYPE = YES;
				GCC_WARN_UNUSED_VARIABLE = YES;
				IPHONEOS_DEPLOYMENT_TARGET = 5.0;
				OTHER_CFLAGS = "-DNS_BLOCK_ASSERTIONS=1";
				SDKROOT = iphoneos;
				VALIDATE_PRODUCT = YES;
			};
			name = Release;
		};
		B5927758149884C600DB08AA /* Debug */ = {
			isa = XCBuildConfiguration;
			buildSettings = {
				GCC_PRECOMPILE_PREFIX_HEADER = YES;
				GCC_PREFIX_HEADER = "SAMaudioGuide/SAMaudioGuide-Prefix.pch";
				INFOPLIST_FILE = "SAMaudioGuide/SAMaudioGuide-Info.plist";
				IPHONEOS_DEPLOYMENT_TARGET = 4.0;
				PRODUCT_NAME = "$(TARGET_NAME)";
				WRAPPER_EXTENSION = app;
			};
			name = Debug;
		};
		B5927759149884C600DB08AA /* Release */ = {
			isa = XCBuildConfiguration;
			buildSettings = {
				GCC_PRECOMPILE_PREFIX_HEADER = YES;
				GCC_PREFIX_HEADER = "SAMaudioGuide/SAMaudioGuide-Prefix.pch";
				INFOPLIST_FILE = "SAMaudioGuide/SAMaudioGuide-Info.plist";
				IPHONEOS_DEPLOYMENT_TARGET = 4.0;
				PRODUCT_NAME = "$(TARGET_NAME)";
				WRAPPER_EXTENSION = app;
			};
			name = Release;
		};
/* End XCBuildConfiguration section */

/* Begin XCConfigurationList section */
		B5927728149884C500DB08AA /* Build configuration list for PBXProject "SAMaudioGuide" */ = {
			isa = XCConfigurationList;
			buildConfigurations = (
				B5927755149884C600DB08AA /* Debug */,
				B5927756149884C600DB08AA /* Release */,
			);
			defaultConfigurationIsVisible = 0;
			defaultConfigurationName = Release;
		};
		B5927757149884C600DB08AA /* Build configuration list for PBXNativeTarget "locate Art" */ = {
			isa = XCConfigurationList;
			buildConfigurations = (
				B5927758149884C600DB08AA /* Debug */,
				B5927759149884C600DB08AA /* Release */,
			);
			defaultConfigurationIsVisible = 0;
			defaultConfigurationName = Release;
		};
/* End XCConfigurationList section */

/* Begin XCVersionGroup section */
		B5927746149884C600DB08AA /* SAMaudioGuide.xcdatamodeld */ = {
			isa = XCVersionGroup;
			children = (
				B57E8DFC14C3A507006D0740 /* SAMaudioGuide 2.xcdatamodel */,
				B5927747149884C600DB08AA /* SAMaudioGuide.xcdatamodel */,
			);
			currentVersion = B57E8DFC14C3A507006D0740 /* SAMaudioGuide 2.xcdatamodel */;
			path = SAMaudioGuide.xcdatamodeld;
			sourceTree = "<group>";
			versionGroupType = wrapper.xcdatamodel;
		};
/* End XCVersionGroup section */
	};
	rootObject = B5927725149884C500DB08AA /* Project object */;
}
